<?xml version="1.0" encoding="UTF-8"?>
<!DOCTYPE plist PUBLIC "-//Apple//DTD PLIST 1.0//EN" "http://www.apple.com/DTDs/PropertyList-1.0.dtd">
<plist version="1.0">
<dict>
	<key>archiveVersion</key>
	<string>1</string>
	<key>classes</key>
	<dict/>
	<key>objectVersion</key>
	<string>46</string>
	<key>objects</key>
	<dict>
		<key>034A115CFB09157FF7774084</key>
		<dict>
			<key>fileRef</key>
			<string>4A1C2291B3F12AB7FE98610D</string>
			<key>isa</key>
			<string>PBXBuildFile</string>
		</dict>
		<key>0C818E54534C25D660EBDA74</key>
		<dict>
			<key>fileRef</key>
			<string>EDC57A129E46F36F8347FD5E</string>
			<key>isa</key>
			<string>PBXBuildFile</string>
		</dict>
		<key>20F1B93E6202C972E5B4404D</key>
		<dict>
			<key>buildActionMask</key>
			<string>2147483647</string>
			<key>files</key>
			<array/>
			<key>inputPaths</key>
			<array/>
			<key>isa</key>
			<string>PBXShellScriptBuildPhase</string>
			<key>name</key>
			<string>Check Pods Manifest.lock</string>
			<key>outputPaths</key>
			<array/>
			<key>runOnlyForDeploymentPostprocessing</key>
			<string>0</string>
			<key>shellPath</key>
			<string>/bin/sh</string>
			<key>shellScript</key>
			<string>diff "${PODS_ROOT}/../Podfile.lock" "${PODS_ROOT}/Manifest.lock" &gt; /dev/null
if [[ $? != 0 ]] ; then
    cat &lt;&lt; EOM
error: The sandbox is not in sync with the Podfile.lock. Run 'pod install' or update your CocoaPods installation.
EOM
    exit 1
fi
</string>
			<key>showEnvVarsInLog</key>
			<string>0</string>
		</dict>
		<key>2DDCD1A2A0EAD8F03EFB5548</key>
		<dict>
			<key>buildActionMask</key>
			<string>2147483647</string>
			<key>files</key>
			<array/>
			<key>inputPaths</key>
			<array/>
			<key>isa</key>
			<string>PBXShellScriptBuildPhase</string>
			<key>name</key>
			<string>Copy Pods Resources</string>
			<key>outputPaths</key>
			<array/>
			<key>runOnlyForDeploymentPostprocessing</key>
			<string>0</string>
			<key>shellPath</key>
			<string>/bin/sh</string>
			<key>shellScript</key>
			<string>"${SRCROOT}/Pods/Target Support Files/Pods-BitriseSampleUnitAndOtherTestsAppTests/Pods-BitriseSampleUnitAndOtherTestsAppTests-resources.sh"
</string>
			<key>showEnvVarsInLog</key>
			<string>0</string>
		</dict>
		<key>41062A375877A3BBAFC6FC09</key>
		<dict>
			<key>children</key>
			<array>
				<string>4A1C2291B3F12AB7FE98610D</string>
				<string>EDC57A129E46F36F8347FD5E</string>
			</array>
			<key>isa</key>
			<string>PBXGroup</string>
			<key>name</key>
			<string>Frameworks</string>
			<key>sourceTree</key>
			<string>&lt;group&gt;</string>
		</dict>
		<key>4A1C2291B3F12AB7FE98610D</key>
		<dict>
			<key>explicitFileType</key>
			<string>archive.ar</string>
			<key>includeInIndex</key>
			<string>0</string>
			<key>isa</key>
			<string>PBXFileReference</string>
			<key>path</key>
			<string>libPods-BitriseSampleUnitAndOtherTestsAppTests.a</string>
			<key>sourceTree</key>
			<string>BUILT_PRODUCTS_DIR</string>
		</dict>
		<key>585C9977CABCF795A39E691A</key>
		<dict>
			<key>children</key>
			<array>
				<string>7E1D6E3986AFC399154EA64A</string>
				<string>61199DC195E180BBB3AA23C7</string>
				<string>A9A2A4E393373F82EF0C8BBF</string>
				<string>D27D14CC559C6A030839BCD8</string>
			</array>
			<key>isa</key>
			<string>PBXGroup</string>
			<key>name</key>
			<string>Pods</string>
			<key>sourceTree</key>
			<string>&lt;group&gt;</string>
		</dict>
		<key>61199DC195E180BBB3AA23C7</key>
		<dict>
			<key>includeInIndex</key>
			<string>1</string>
			<key>isa</key>
			<string>PBXFileReference</string>
			<key>lastKnownFileType</key>
			<string>text.xcconfig</string>
			<key>name</key>
			<string>Pods-BitriseSampleUnitAndOtherTestsAppTests.release.xcconfig</string>
			<key>path</key>
			<string>Pods/Target Support Files/Pods-BitriseSampleUnitAndOtherTestsAppTests/Pods-BitriseSampleUnitAndOtherTestsAppTests.release.xcconfig</string>
			<key>sourceTree</key>
			<string>&lt;group&gt;</string>
		</dict>
		<key>7E1D6E3986AFC399154EA64A</key>
		<dict>
			<key>includeInIndex</key>
			<string>1</string>
			<key>isa</key>
			<string>PBXFileReference</string>
			<key>lastKnownFileType</key>
			<string>text.xcconfig</string>
			<key>name</key>
			<string>Pods-BitriseSampleUnitAndOtherTestsAppTests.debug.xcconfig</string>
			<key>path</key>
			<string>Pods/Target Support Files/Pods-BitriseSampleUnitAndOtherTestsAppTests/Pods-BitriseSampleUnitAndOtherTestsAppTests.debug.xcconfig</string>
			<key>sourceTree</key>
			<string>&lt;group&gt;</string>
		</dict>
		<key>88494E6EE8FA7BB4301EF96F</key>
		<dict>
			<key>buildActionMask</key>
			<string>2147483647</string>
			<key>files</key>
			<array/>
			<key>inputPaths</key>
			<array/>
			<key>isa</key>
			<string>PBXShellScriptBuildPhase</string>
			<key>name</key>
			<string>Check Pods Manifest.lock</string>
			<key>outputPaths</key>
			<array/>
			<key>runOnlyForDeploymentPostprocessing</key>
			<string>0</string>
			<key>shellPath</key>
			<string>/bin/sh</string>
			<key>shellScript</key>
			<string>diff "${PODS_ROOT}/../Podfile.lock" "${PODS_ROOT}/Manifest.lock" &gt; /dev/null
if [[ $? != 0 ]] ; then
    cat &lt;&lt; EOM
error: The sandbox is not in sync with the Podfile.lock. Run 'pod install' or update your CocoaPods installation.
EOM
    exit 1
fi
</string>
			<key>showEnvVarsInLog</key>
			<string>0</string>
		</dict>
		<key>8E2F4C03FC5100E313E9580E</key>
		<dict>
			<key>buildActionMask</key>
			<string>2147483647</string>
			<key>files</key>
			<array/>
			<key>inputPaths</key>
			<array/>
			<key>isa</key>
			<string>PBXShellScriptBuildPhase</string>
			<key>name</key>
			<string>Copy Pods Resources</string>
			<key>outputPaths</key>
			<array/>
			<key>runOnlyForDeploymentPostprocessing</key>
			<string>0</string>
			<key>shellPath</key>
			<string>/bin/sh</string>
			<key>shellScript</key>
			<string>"${SRCROOT}/Pods/Target Support Files/Pods-BitriseSampleUnitAndOtherTestsApp/Pods-BitriseSampleUnitAndOtherTestsApp-resources.sh"
</string>
			<key>showEnvVarsInLog</key>
			<string>0</string>
		</dict>
		<key>A3164CDE1AB6EAC00004C546</key>
		<dict>
			<key>fileEncoding</key>
			<string>4</string>
			<key>isa</key>
			<string>PBXFileReference</string>
			<key>lastKnownFileType</key>
			<string>sourcecode.c.objc</string>
			<key>path</key>
			<string>KIFSampleTest.m</string>
			<key>sourceTree</key>
			<string>&lt;group&gt;</string>
		</dict>
		<key>A3164CDF1AB6EAC00004C546</key>
		<dict>
			<key>fileRef</key>
			<string>A3164CDE1AB6EAC00004C546</string>
			<key>isa</key>
			<string>PBXBuildFile</string>
		</dict>
		<key>A9A2A4E393373F82EF0C8BBF</key>
		<dict>
			<key>includeInIndex</key>
			<string>1</string>
			<key>isa</key>
			<string>PBXFileReference</string>
			<key>lastKnownFileType</key>
			<string>text.xcconfig</string>
			<key>name</key>
			<string>Pods-BitriseSampleUnitAndOtherTestsApp.debug.xcconfig</string>
			<key>path</key>
			<string>Pods/Target Support Files/Pods-BitriseSampleUnitAndOtherTestsApp/Pods-BitriseSampleUnitAndOtherTestsApp.debug.xcconfig</string>
			<key>sourceTree</key>
			<string>&lt;group&gt;</string>
		</dict>
		<key>BA0609CD1AA610E000F24A40</key>
		<dict>
			<key>children</key>
			<array>
				<string>BA0609D81AA610E100F24A40</string>
				<string>BA0609F51AA610E100F24A40</string>
				<string>BA0609D71AA610E100F24A40</string>
				<string>585C9977CABCF795A39E691A</string>
				<string>41062A375877A3BBAFC6FC09</string>
			</array>
			<key>isa</key>
			<string>PBXGroup</string>
			<key>sourceTree</key>
			<string>&lt;group&gt;</string>
		</dict>
		<key>BA0609CE1AA610E100F24A40</key>
		<dict>
			<key>attributes</key>
			<dict>
				<key>LastUpgradeCheck</key>
				<string>0610</string>
				<key>ORGANIZATIONNAME</key>
				<string>Bitrise</string>
				<key>TargetAttributes</key>
				<dict>
					<key>BA0609D51AA610E100F24A40</key>
					<dict>
						<key>CreatedOnToolsVersion</key>
						<string>6.1.1</string>
					</dict>
					<key>BA0609F11AA610E100F24A40</key>
					<dict>
						<key>CreatedOnToolsVersion</key>
						<string>6.1.1</string>
						<key>TestTargetID</key>
						<string>BA0609D51AA610E100F24A40</string>
					</dict>
				</dict>
			</dict>
			<key>buildConfigurationList</key>
			<string>BA0609D11AA610E100F24A40</string>
			<key>compatibilityVersion</key>
			<string>Xcode 3.2</string>
			<key>developmentRegion</key>
			<string>English</string>
			<key>hasScannedForEncodings</key>
			<string>0</string>
			<key>isa</key>
			<string>PBXProject</string>
			<key>knownRegions</key>
			<array>
				<string>en</string>
				<string>Base</string>
			</array>
			<key>mainGroup</key>
			<string>BA0609CD1AA610E000F24A40</string>
			<key>productRefGroup</key>
			<string>BA0609D71AA610E100F24A40</string>
			<key>projectDirPath</key>
			<string></string>
			<key>projectReferences</key>
			<array/>
			<key>projectRoot</key>
			<string></string>
			<key>targets</key>
			<array>
				<string>BA0609D51AA610E100F24A40</string>
				<string>BA0609F11AA610E100F24A40</string>
			</array>
		</dict>
		<key>BA0609D11AA610E100F24A40</key>
		<dict>
			<key>buildConfigurations</key>
			<array>
				<string>BA0609FA1AA610E100F24A40</string>
				<string>BA0609FB1AA610E100F24A40</string>
			</array>
			<key>defaultConfigurationIsVisible</key>
			<string>0</string>
			<key>defaultConfigurationName</key>
			<string>Release</string>
			<key>isa</key>
			<string>XCConfigurationList</string>
		</dict>
		<key>BA0609D21AA610E100F24A40</key>
		<dict>
			<key>buildActionMask</key>
			<string>2147483647</string>
			<key>files</key>
			<array>
				<string>BA0609DF1AA610E100F24A40</string>
				<string>BA0609E21AA610E100F24A40</string>
				<string>BA0609E51AA610E100F24A40</string>
				<string>BA0609DC1AA610E100F24A40</string>
			</array>
			<key>isa</key>
			<string>PBXSourcesBuildPhase</string>
			<key>runOnlyForDeploymentPostprocessing</key>
			<string>0</string>
		</dict>
		<key>BA0609D31AA610E100F24A40</key>
		<dict>
			<key>buildActionMask</key>
			<string>2147483647</string>
			<key>files</key>
			<array>
				<string>0C818E54534C25D660EBDA74</string>
			</array>
			<key>isa</key>
			<string>PBXFrameworksBuildPhase</string>
			<key>runOnlyForDeploymentPostprocessing</key>
			<string>0</string>
		</dict>
		<key>BA0609D41AA610E100F24A40</key>
		<dict>
			<key>buildActionMask</key>
			<string>2147483647</string>
			<key>files</key>
			<array>
				<string>BA0609E81AA610E100F24A40</string>
				<string>BA0609ED1AA610E100F24A40</string>
				<string>BA0609EA1AA610E100F24A40</string>
			</array>
			<key>isa</key>
			<string>PBXResourcesBuildPhase</string>
			<key>runOnlyForDeploymentPostprocessing</key>
			<string>0</string>
		</dict>
		<key>BA0609D51AA610E100F24A40</key>
		<dict>
			<key>buildConfigurationList</key>
			<string>BA0609FC1AA610E100F24A40</string>
			<key>buildPhases</key>
			<array>
				<string>88494E6EE8FA7BB4301EF96F</string>
				<string>BA0609D21AA610E100F24A40</string>
				<string>BA0609D31AA610E100F24A40</string>
				<string>BA0609D41AA610E100F24A40</string>
				<string>8E2F4C03FC5100E313E9580E</string>
			</array>
			<key>buildRules</key>
			<array/>
			<key>dependencies</key>
			<array/>
			<key>isa</key>
			<string>PBXNativeTarget</string>
			<key>name</key>
			<string>BitriseSampleUnitAndOtherTestsApp</string>
			<key>productName</key>
			<string>BitriseSampleUnitAndOtherTestsApp</string>
			<key>productReference</key>
			<string>BA0609D61AA610E100F24A40</string>
			<key>productType</key>
			<string>com.apple.product-type.application</string>
		</dict>
		<key>BA0609D61AA610E100F24A40</key>
		<dict>
			<key>explicitFileType</key>
			<string>wrapper.application</string>
			<key>includeInIndex</key>
			<string>0</string>
			<key>isa</key>
			<string>PBXFileReference</string>
			<key>path</key>
			<string>BitriseSampleUnitAndOtherTestsApp.app</string>
			<key>sourceTree</key>
			<string>BUILT_PRODUCTS_DIR</string>
		</dict>
		<key>BA0609D71AA610E100F24A40</key>
		<dict>
			<key>children</key>
			<array>
				<string>BA0609D61AA610E100F24A40</string>
				<string>BA0609F21AA610E100F24A40</string>
			</array>
			<key>isa</key>
			<string>PBXGroup</string>
			<key>name</key>
			<string>Products</string>
			<key>sourceTree</key>
			<string>&lt;group&gt;</string>
		</dict>
		<key>BA0609D81AA610E100F24A40</key>
		<dict>
			<key>children</key>
			<array>
				<string>BA0609DD1AA610E100F24A40</string>
				<string>BA0609DE1AA610E100F24A40</string>
				<string>BA0609E31AA610E100F24A40</string>
				<string>BA0609E41AA610E100F24A40</string>
				<string>BA0609E61AA610E100F24A40</string>
				<string>BA0609E91AA610E100F24A40</string>
				<string>BA0609EB1AA610E100F24A40</string>
				<string>BA0609E01AA610E100F24A40</string>
				<string>BA0609D91AA610E100F24A40</string>
			</array>
			<key>isa</key>
			<string>PBXGroup</string>
			<key>path</key>
			<string>BitriseSampleUnitAndOtherTestsApp</string>
			<key>sourceTree</key>
			<string>&lt;group&gt;</string>
		</dict>
		<key>BA0609D91AA610E100F24A40</key>
		<dict>
			<key>children</key>
			<array>
				<string>BA0609DA1AA610E100F24A40</string>
				<string>BA0609DB1AA610E100F24A40</string>
			</array>
			<key>isa</key>
			<string>PBXGroup</string>
			<key>name</key>
			<string>Supporting Files</string>
			<key>sourceTree</key>
			<string>&lt;group&gt;</string>
		</dict>
		<key>BA0609DA1AA610E100F24A40</key>
		<dict>
			<key>isa</key>
			<string>PBXFileReference</string>
			<key>lastKnownFileType</key>
			<string>text.plist.xml</string>
			<key>path</key>
			<string>Info.plist</string>
			<key>sourceTree</key>
			<string>&lt;group&gt;</string>
		</dict>
		<key>BA0609DB1AA610E100F24A40</key>
		<dict>
			<key>isa</key>
			<string>PBXFileReference</string>
			<key>lastKnownFileType</key>
			<string>sourcecode.c.objc</string>
			<key>path</key>
			<string>main.m</string>
			<key>sourceTree</key>
			<string>&lt;group&gt;</string>
		</dict>
		<key>BA0609DC1AA610E100F24A40</key>
		<dict>
			<key>fileRef</key>
			<string>BA0609DB1AA610E100F24A40</string>
			<key>isa</key>
			<string>PBXBuildFile</string>
		</dict>
		<key>BA0609DD1AA610E100F24A40</key>
		<dict>
			<key>isa</key>
			<string>PBXFileReference</string>
			<key>lastKnownFileType</key>
			<string>sourcecode.c.h</string>
			<key>path</key>
			<string>AppDelegate.h</string>
			<key>sourceTree</key>
			<string>&lt;group&gt;</string>
		</dict>
		<key>BA0609DE1AA610E100F24A40</key>
		<dict>
			<key>isa</key>
			<string>PBXFileReference</string>
			<key>lastKnownFileType</key>
			<string>sourcecode.c.objc</string>
			<key>path</key>
			<string>AppDelegate.m</string>
			<key>sourceTree</key>
			<string>&lt;group&gt;</string>
		</dict>
		<key>BA0609DF1AA610E100F24A40</key>
		<dict>
			<key>fileRef</key>
			<string>BA0609DE1AA610E100F24A40</string>
			<key>isa</key>
			<string>PBXBuildFile</string>
		</dict>
		<key>BA0609E01AA610E100F24A40</key>
		<dict>
			<key>children</key>
			<array>
				<string>BA0609E11AA610E100F24A40</string>
			</array>
			<key>currentVersion</key>
			<string>BA0609E11AA610E100F24A40</string>
			<key>isa</key>
			<string>XCVersionGroup</string>
			<key>path</key>
			<string>BitriseSampleUnitAndOtherTestsApp.xcdatamodeld</string>
			<key>sourceTree</key>
			<string>&lt;group&gt;</string>
			<key>versionGroupType</key>
			<string>wrapper.xcdatamodel</string>
		</dict>
		<key>BA0609E11AA610E100F24A40</key>
		<dict>
			<key>isa</key>
			<string>PBXFileReference</string>
			<key>lastKnownFileType</key>
			<string>wrapper.xcdatamodel</string>
			<key>path</key>
			<string>BitriseSampleUnitAndOtherTestsApp.xcdatamodel</string>
			<key>sourceTree</key>
			<string>&lt;group&gt;</string>
		</dict>
		<key>BA0609E21AA610E100F24A40</key>
		<dict>
			<key>fileRef</key>
			<string>BA0609E01AA610E100F24A40</string>
			<key>isa</key>
			<string>PBXBuildFile</string>
		</dict>
		<key>BA0609E31AA610E100F24A40</key>
		<dict>
			<key>isa</key>
			<string>PBXFileReference</string>
			<key>lastKnownFileType</key>
			<string>sourcecode.c.h</string>
			<key>path</key>
			<string>ViewController.h</string>
			<key>sourceTree</key>
			<string>&lt;group&gt;</string>
		</dict>
		<key>BA0609E41AA610E100F24A40</key>
		<dict>
			<key>isa</key>
			<string>PBXFileReference</string>
			<key>lastKnownFileType</key>
			<string>sourcecode.c.objc</string>
			<key>path</key>
			<string>ViewController.m</string>
			<key>sourceTree</key>
			<string>&lt;group&gt;</string>
		</dict>
		<key>BA0609E51AA610E100F24A40</key>
		<dict>
			<key>fileRef</key>
			<string>BA0609E41AA610E100F24A40</string>
			<key>isa</key>
			<string>PBXBuildFile</string>
		</dict>
		<key>BA0609E61AA610E100F24A40</key>
		<dict>
			<key>children</key>
			<array>
				<string>BA0609E71AA610E100F24A40</string>
			</array>
			<key>isa</key>
			<string>PBXVariantGroup</string>
			<key>name</key>
			<string>Main.storyboard</string>
			<key>sourceTree</key>
			<string>&lt;group&gt;</string>
		</dict>
		<key>BA0609E71AA610E100F24A40</key>
		<dict>
			<key>isa</key>
			<string>PBXFileReference</string>
			<key>lastKnownFileType</key>
			<string>file.storyboard</string>
			<key>name</key>
			<string>Base</string>
			<key>path</key>
			<string>Base.lproj/Main.storyboard</string>
			<key>sourceTree</key>
			<string>&lt;group&gt;</string>
		</dict>
		<key>BA0609E81AA610E100F24A40</key>
		<dict>
			<key>fileRef</key>
			<string>BA0609E61AA610E100F24A40</string>
			<key>isa</key>
			<string>PBXBuildFile</string>
		</dict>
		<key>BA0609E91AA610E100F24A40</key>
		<dict>
			<key>isa</key>
			<string>PBXFileReference</string>
			<key>lastKnownFileType</key>
			<string>folder.assetcatalog</string>
			<key>path</key>
			<string>Images.xcassets</string>
			<key>sourceTree</key>
			<string>&lt;group&gt;</string>
		</dict>
		<key>BA0609EA1AA610E100F24A40</key>
		<dict>
			<key>fileRef</key>
			<string>BA0609E91AA610E100F24A40</string>
			<key>isa</key>
			<string>PBXBuildFile</string>
		</dict>
		<key>BA0609EB1AA610E100F24A40</key>
		<dict>
			<key>children</key>
			<array>
				<string>BA0609EC1AA610E100F24A40</string>
			</array>
			<key>isa</key>
			<string>PBXVariantGroup</string>
			<key>name</key>
			<string>LaunchScreen.xib</string>
			<key>sourceTree</key>
			<string>&lt;group&gt;</string>
		</dict>
		<key>BA0609EC1AA610E100F24A40</key>
		<dict>
			<key>isa</key>
			<string>PBXFileReference</string>
			<key>lastKnownFileType</key>
			<string>file.xib</string>
			<key>name</key>
			<string>Base</string>
			<key>path</key>
			<string>Base.lproj/LaunchScreen.xib</string>
			<key>sourceTree</key>
			<string>&lt;group&gt;</string>
		</dict>
		<key>BA0609ED1AA610E100F24A40</key>
		<dict>
			<key>fileRef</key>
			<string>BA0609EB1AA610E100F24A40</string>
			<key>isa</key>
			<string>PBXBuildFile</string>
		</dict>
		<key>BA0609EE1AA610E100F24A40</key>
		<dict>
			<key>buildActionMask</key>
			<string>2147483647</string>
			<key>files</key>
			<array>
				<string>A3164CDF1AB6EAC00004C546</string>
				<string>BA0609F91AA610E100F24A40</string>
			</array>
			<key>isa</key>
			<string>PBXSourcesBuildPhase</string>
			<key>runOnlyForDeploymentPostprocessing</key>
			<string>0</string>
		</dict>
		<key>BA0609EF1AA610E100F24A40</key>
		<dict>
			<key>buildActionMask</key>
			<string>2147483647</string>
			<key>files</key>
			<array>
				<string>034A115CFB09157FF7774084</string>
			</array>
			<key>isa</key>
			<string>PBXFrameworksBuildPhase</string>
			<key>runOnlyForDeploymentPostprocessing</key>
			<string>0</string>
		</dict>
		<key>BA0609F01AA610E100F24A40</key>
		<dict>
			<key>buildActionMask</key>
			<string>2147483647</string>
			<key>files</key>
			<array/>
			<key>isa</key>
			<string>PBXResourcesBuildPhase</string>
			<key>runOnlyForDeploymentPostprocessing</key>
			<string>0</string>
		</dict>
		<key>BA0609F11AA610E100F24A40</key>
		<dict>
			<key>buildConfigurationList</key>
			<string>BA0609FF1AA610E100F24A40</string>
			<key>buildPhases</key>
			<array>
				<string>20F1B93E6202C972E5B4404D</string>
				<string>BA0609EE1AA610E100F24A40</string>
				<string>BA0609EF1AA610E100F24A40</string>
				<string>BA0609F01AA610E100F24A40</string>
				<string>2DDCD1A2A0EAD8F03EFB5548</string>
			</array>
			<key>buildRules</key>
			<array/>
			<key>dependencies</key>
			<array>
				<string>BA0609F41AA610E100F24A40</string>
			</array>
			<key>isa</key>
			<string>PBXNativeTarget</string>
			<key>name</key>
			<string>BitriseSampleUnitAndOtherTestsAppTests</string>
			<key>productName</key>
			<string>BitriseSampleUnitAndOtherTestsAppTests</string>
			<key>productReference</key>
			<string>BA0609F21AA610E100F24A40</string>
			<key>productType</key>
			<string>com.apple.product-type.bundle.unit-test</string>
		</dict>
		<key>BA0609F21AA610E100F24A40</key>
		<dict>
			<key>explicitFileType</key>
			<string>wrapper.cfbundle</string>
			<key>includeInIndex</key>
			<string>0</string>
			<key>isa</key>
			<string>PBXFileReference</string>
			<key>path</key>
			<string>BitriseSampleUnitAndOtherTestsAppTests.xctest</string>
			<key>sourceTree</key>
			<string>BUILT_PRODUCTS_DIR</string>
		</dict>
		<key>BA0609F31AA610E100F24A40</key>
		<dict>
			<key>containerPortal</key>
			<string>BA0609CE1AA610E100F24A40</string>
			<key>isa</key>
			<string>PBXContainerItemProxy</string>
			<key>proxyType</key>
			<string>1</string>
			<key>remoteGlobalIDString</key>
			<string>BA0609D51AA610E100F24A40</string>
			<key>remoteInfo</key>
			<string>BitriseSampleUnitAndOtherTestsApp</string>
		</dict>
		<key>BA0609F41AA610E100F24A40</key>
		<dict>
			<key>isa</key>
			<string>PBXTargetDependency</string>
			<key>target</key>
			<string>BA0609D51AA610E100F24A40</string>
			<key>targetProxy</key>
			<string>BA0609F31AA610E100F24A40</string>
		</dict>
		<key>BA0609F51AA610E100F24A40</key>
		<dict>
			<key>children</key>
			<array>
				<string>BA0609F81AA610E100F24A40</string>
				<string>BA0609F61AA610E100F24A40</string>
				<string>A3164CDE1AB6EAC00004C546</string>
			</array>
			<key>isa</key>
			<string>PBXGroup</string>
			<key>path</key>
			<string>BitriseSampleUnitAndOtherTestsAppTests</string>
			<key>sourceTree</key>
			<string>&lt;group&gt;</string>
		</dict>
		<key>BA0609F61AA610E100F24A40</key>
		<dict>
			<key>children</key>
			<array>
				<string>BA0609F71AA610E100F24A40</string>
			</array>
			<key>isa</key>
			<string>PBXGroup</string>
			<key>name</key>
			<string>Supporting Files</string>
			<key>sourceTree</key>
			<string>&lt;group&gt;</string>
		</dict>
		<key>BA0609F71AA610E100F24A40</key>
		<dict>
			<key>isa</key>
			<string>PBXFileReference</string>
			<key>lastKnownFileType</key>
			<string>text.plist.xml</string>
			<key>path</key>
			<string>Info.plist</string>
			<key>sourceTree</key>
			<string>&lt;group&gt;</string>
		</dict>
		<key>BA0609F81AA610E100F24A40</key>
		<dict>
			<key>isa</key>
			<string>PBXFileReference</string>
			<key>lastKnownFileType</key>
			<string>sourcecode.c.objc</string>
			<key>path</key>
			<string>BitriseSampleUnitAndOtherTestsAppTests.m</string>
			<key>sourceTree</key>
			<string>&lt;group&gt;</string>
		</dict>
		<key>BA0609F91AA610E100F24A40</key>
		<dict>
			<key>fileRef</key>
			<string>BA0609F81AA610E100F24A40</string>
			<key>isa</key>
			<string>PBXBuildFile</string>
		</dict>
		<key>BA0609FA1AA610E100F24A40</key>
		<dict>
			<key>buildSettings</key>
			<dict>
				<key>ALWAYS_SEARCH_USER_PATHS</key>
				<string>NO</string>
				<key>CLANG_CXX_LANGUAGE_STANDARD</key>
				<string>gnu++0x</string>
				<key>CLANG_CXX_LIBRARY</key>
				<string>libc++</string>
				<key>CLANG_ENABLE_MODULES</key>
				<string>YES</string>
				<key>CLANG_ENABLE_OBJC_ARC</key>
				<string>YES</string>
				<key>CLANG_WARN_BOOL_CONVERSION</key>
				<string>YES</string>
				<key>CLANG_WARN_CONSTANT_CONVERSION</key>
				<string>YES</string>
				<key>CLANG_WARN_DIRECT_OBJC_ISA_USAGE</key>
				<string>YES_ERROR</string>
				<key>CLANG_WARN_EMPTY_BODY</key>
				<string>YES</string>
				<key>CLANG_WARN_ENUM_CONVERSION</key>
				<string>YES</string>
				<key>CLANG_WARN_INT_CONVERSION</key>
				<string>YES</string>
				<key>CLANG_WARN_OBJC_ROOT_CLASS</key>
				<string>YES_ERROR</string>
				<key>CLANG_WARN_UNREACHABLE_CODE</key>
				<string>YES</string>
				<key>CLANG_WARN__DUPLICATE_METHOD_MATCH</key>
				<string>YES</string>
				<key>CODE_SIGN_IDENTITY[sdk=iphoneos*]</key>
				<string>iPhone Developer</string>
				<key>COPY_PHASE_STRIP</key>
				<string>NO</string>
				<key>ENABLE_STRICT_OBJC_MSGSEND</key>
				<string>YES</string>
				<key>GCC_C_LANGUAGE_STANDARD</key>
				<string>gnu99</string>
				<key>GCC_DYNAMIC_NO_PIC</key>
				<string>NO</string>
				<key>GCC_OPTIMIZATION_LEVEL</key>
				<string>0</string>
				<key>GCC_PREPROCESSOR_DEFINITIONS</key>
				<array>
					<string>DEBUG=1</string>
					<string>$(inherited)</string>
				</array>
				<key>GCC_SYMBOLS_PRIVATE_EXTERN</key>
				<string>NO</string>
				<key>GCC_WARN_64_TO_32_BIT_CONVERSION</key>
				<string>YES</string>
				<key>GCC_WARN_ABOUT_RETURN_TYPE</key>
				<string>YES_ERROR</string>
				<key>GCC_WARN_UNDECLARED_SELECTOR</key>
				<string>YES</string>
				<key>GCC_WARN_UNINITIALIZED_AUTOS</key>
				<string>YES_AGGRESSIVE</string>
				<key>GCC_WARN_UNUSED_FUNCTION</key>
				<string>YES</string>
				<key>GCC_WARN_UNUSED_VARIABLE</key>
				<string>YES</string>
				<key>IPHONEOS_DEPLOYMENT_TARGET</key>
				<string>8.1</string>
				<key>MTL_ENABLE_DEBUG_INFO</key>
				<string>YES</string>
				<key>ONLY_ACTIVE_ARCH</key>
				<string>YES</string>
				<key>SDKROOT</key>
				<string>iphoneos</string>
				<key>TARGETED_DEVICE_FAMILY</key>
				<string>1,2</string>
			</dict>
			<key>isa</key>
			<string>XCBuildConfiguration</string>
			<key>name</key>
			<string>Debug</string>
		</dict>
		<key>BA0609FB1AA610E100F24A40</key>
		<dict>
			<key>buildSettings</key>
			<dict>
				<key>ALWAYS_SEARCH_USER_PATHS</key>
				<string>NO</string>
				<key>CLANG_CXX_LANGUAGE_STANDARD</key>
				<string>gnu++0x</string>
				<key>CLANG_CXX_LIBRARY</key>
				<string>libc++</string>
				<key>CLANG_ENABLE_MODULES</key>
				<string>YES</string>
				<key>CLANG_ENABLE_OBJC_ARC</key>
				<string>YES</string>
				<key>CLANG_WARN_BOOL_CONVERSION</key>
				<string>YES</string>
				<key>CLANG_WARN_CONSTANT_CONVERSION</key>
				<string>YES</string>
				<key>CLANG_WARN_DIRECT_OBJC_ISA_USAGE</key>
				<string>YES_ERROR</string>
				<key>CLANG_WARN_EMPTY_BODY</key>
				<string>YES</string>
				<key>CLANG_WARN_ENUM_CONVERSION</key>
				<string>YES</string>
				<key>CLANG_WARN_INT_CONVERSION</key>
				<string>YES</string>
				<key>CLANG_WARN_OBJC_ROOT_CLASS</key>
				<string>YES_ERROR</string>
				<key>CLANG_WARN_UNREACHABLE_CODE</key>
				<string>YES</string>
				<key>CLANG_WARN__DUPLICATE_METHOD_MATCH</key>
				<string>YES</string>
				<key>CODE_SIGN_IDENTITY[sdk=iphoneos*]</key>
				<string>iPhone Developer</string>
				<key>COPY_PHASE_STRIP</key>
				<string>YES</string>
				<key>ENABLE_NS_ASSERTIONS</key>
				<string>NO</string>
				<key>ENABLE_STRICT_OBJC_MSGSEND</key>
				<string>YES</string>
				<key>GCC_C_LANGUAGE_STANDARD</key>
				<string>gnu99</string>
				<key>GCC_WARN_64_TO_32_BIT_CONVERSION</key>
				<string>YES</string>
				<key>GCC_WARN_ABOUT_RETURN_TYPE</key>
				<string>YES_ERROR</string>
				<key>GCC_WARN_UNDECLARED_SELECTOR</key>
				<string>YES</string>
				<key>GCC_WARN_UNINITIALIZED_AUTOS</key>
				<string>YES_AGGRESSIVE</string>
				<key>GCC_WARN_UNUSED_FUNCTION</key>
				<string>YES</string>
				<key>GCC_WARN_UNUSED_VARIABLE</key>
				<string>YES</string>
				<key>IPHONEOS_DEPLOYMENT_TARGET</key>
				<string>8.1</string>
				<key>MTL_ENABLE_DEBUG_INFO</key>
				<string>NO</string>
				<key>SDKROOT</key>
				<string>iphoneos</string>
				<key>TARGETED_DEVICE_FAMILY</key>
				<string>1,2</string>
				<key>VALIDATE_PRODUCT</key>
				<string>YES</string>
			</dict>
			<key>isa</key>
			<string>XCBuildConfiguration</string>
			<key>name</key>
			<string>Release</string>
		</dict>
		<key>BA0609FC1AA610E100F24A40</key>
		<dict>
			<key>buildConfigurations</key>
			<array>
				<string>BA0609FD1AA610E100F24A40</string>
				<string>BA0609FE1AA610E100F24A40</string>
			</array>
			<key>defaultConfigurationIsVisible</key>
			<string>0</string>
			<key>defaultConfigurationName</key>
			<string>Release</string>
			<key>isa</key>
			<string>XCConfigurationList</string>
		</dict>
		<key>BA0609FD1AA610E100F24A40</key>
		<dict>
			<key>baseConfigurationReference</key>
			<string>A9A2A4E393373F82EF0C8BBF</string>
			<key>buildSettings</key>
			<dict>
				<key>ASSETCATALOG_COMPILER_APPICON_NAME</key>
				<string>AppIcon</string>
				<key>INFOPLIST_FILE</key>
				<string>BitriseSampleUnitAndOtherTestsApp/Info.plist</string>
				<key>LD_RUNPATH_SEARCH_PATHS</key>
				<string>$(inherited) @executable_path/Frameworks</string>
				<key>PRODUCT_NAME</key>
				<string>$(TARGET_NAME)</string>
			</dict>
			<key>isa</key>
			<string>XCBuildConfiguration</string>
			<key>name</key>
			<string>Debug</string>
		</dict>
		<key>BA0609FE1AA610E100F24A40</key>
		<dict>
			<key>baseConfigurationReference</key>
			<string>D27D14CC559C6A030839BCD8</string>
			<key>buildSettings</key>
			<dict>
				<key>ASSETCATALOG_COMPILER_APPICON_NAME</key>
				<string>AppIcon</string>
				<key>INFOPLIST_FILE</key>
				<string>BitriseSampleUnitAndOtherTestsApp/Info.plist</string>
				<key>LD_RUNPATH_SEARCH_PATHS</key>
				<string>$(inherited) @executable_path/Frameworks</string>
				<key>PRODUCT_NAME</key>
				<string>$(TARGET_NAME)</string>
			</dict>
			<key>isa</key>
			<string>XCBuildConfiguration</string>
			<key>name</key>
			<string>Release</string>
		</dict>
		<key>BA0609FF1AA610E100F24A40</key>
		<dict>
			<key>buildConfigurations</key>
			<array>
				<string>BA060A001AA610E100F24A40</string>
				<string>BA060A011AA610E100F24A40</string>
			</array>
			<key>defaultConfigurationIsVisible</key>
			<string>0</string>
			<key>defaultConfigurationName</key>
			<string>Release</string>
			<key>isa</key>
			<string>XCConfigurationList</string>
		</dict>
		<key>BA060A001AA610E100F24A40</key>
		<dict>
			<key>baseConfigurationReference</key>
			<string>7E1D6E3986AFC399154EA64A</string>
			<key>buildSettings</key>
			<dict>
				<key>BUNDLE_LOADER</key>
				<string>$(TEST_HOST)</string>
				<key>FRAMEWORK_SEARCH_PATHS</key>
				<array>
					<string>$(SDKROOT)/Developer/Library/Frameworks</string>
					<string>$(inherited)</string>
				</array>
				<key>GCC_PREPROCESSOR_DEFINITIONS</key>
				<array>
					<string>DEBUG=1</string>
					<string>$(inherited)</string>
				</array>
				<key>INFOPLIST_FILE</key>
				<string>BitriseSampleUnitAndOtherTestsAppTests/Info.plist</string>
				<key>LD_RUNPATH_SEARCH_PATHS</key>
				<string>$(inherited) @executable_path/Frameworks @loader_path/Frameworks</string>
				<key>PRODUCT_NAME</key>
				<string>$(TARGET_NAME)</string>
				<key>TEST_HOST</key>
				<string>$(BUILT_PRODUCTS_DIR)/BitriseSampleUnitAndOtherTestsApp.app/BitriseSampleUnitAndOtherTestsApp</string>
			</dict>
			<key>isa</key>
			<string>XCBuildConfiguration</string>
			<key>name</key>
			<string>Debug</string>
		</dict>
		<key>BA060A011AA610E100F24A40</key>
		<dict>
			<key>baseConfigurationReference</key>
			<string>61199DC195E180BBB3AA23C7</string>
			<key>buildSettings</key>
			<dict>
				<key>BUNDLE_LOADER</key>
				<string>$(TEST_HOST)</string>
				<key>FRAMEWORK_SEARCH_PATHS</key>
				<array>
					<string>$(SDKROOT)/Developer/Library/Frameworks</string>
					<string>$(inherited)</string>
				</array>
				<key>INFOPLIST_FILE</key>
				<string>BitriseSampleUnitAndOtherTestsAppTests/Info.plist</string>
				<key>LD_RUNPATH_SEARCH_PATHS</key>
				<string>$(inherited) @executable_path/Frameworks @loader_path/Frameworks</string>
				<key>PRODUCT_NAME</key>
				<string>$(TARGET_NAME)</string>
				<key>TEST_HOST</key>
				<string>$(BUILT_PRODUCTS_DIR)/BitriseSampleUnitAndOtherTestsApp.app/BitriseSampleUnitAndOtherTestsApp</string>
			</dict>
			<key>isa</key>
			<string>XCBuildConfiguration</string>
			<key>name</key>
			<string>Release</string>
		</dict>
		<key>D27D14CC559C6A030839BCD8</key>
		<dict>
			<key>includeInIndex</key>
			<string>1</string>
			<key>isa</key>
			<string>PBXFileReference</string>
			<key>lastKnownFileType</key>
			<string>text.xcconfig</string>
			<key>name</key>
			<string>Pods-BitriseSampleUnitAndOtherTestsApp.release.xcconfig</string>
			<key>path</key>
			<string>Pods/Target Support Files/Pods-BitriseSampleUnitAndOtherTestsApp/Pods-BitriseSampleUnitAndOtherTestsApp.release.xcconfig</string>
			<key>sourceTree</key>
			<string>&lt;group&gt;</string>
		</dict>
		<key>EDC57A129E46F36F8347FD5E</key>
		<dict>
			<key>explicitFileType</key>
			<string>archive.ar</string>
			<key>includeInIndex</key>
			<string>0</string>
			<key>isa</key>
			<string>PBXFileReference</string>
			<key>path</key>
			<string>libPods-BitriseSampleUnitAndOtherTestsApp.a</string>
			<key>sourceTree</key>
			<string>BUILT_PRODUCTS_DIR</string>
		</dict>
	</dict>
	<key>rootObject</key>
	<string>BA0609CE1AA610E100F24A40</string>
</dict>
</plist>
